
Microsoft Visual Studio Solution File, Format Version 12.00
# Visual Studio Version 17
VisualStudioVersion = 17.4.33213.308
MinimumVisualStudioVersion = 10.0.40219.1
Project("{9A19103F-16F7-4668-BE54-9A1E7A4F7556}") = "CurrencyConverter", "CurrencyConverter.csproj", "{552B548F-4882-49CC-99DF-FFCFAEF4DF3D}"
EndProject
Global
	GlobalSection(SolutionConfigurationPlatforms) = preSolution
		Debug|Any CPU = Debug|Any CPU
		Release|Any CPU = Release|Any CPU
	EndGlobalSection
	GlobalSection(ProjectConfigurationPlatforms) = postSolution
		{552B548F-4882-49CC-99DF-FFCFAEF4DF3D}.Debug|Any CPU.ActiveCfg = Debug|Any CPU
		{552B548F-4882-49CC-99DF-FFCFAEF4DF3D}.Debug|Any CPU.Build.0 = Debug|Any CPU
		{552B548F-4882-49CC-99DF-FFCFAEF4DF3D}.Release|Any CPU.ActiveCfg = Release|Any CPU
		{552B548F-4882-49CC-99DF-FFCFAEF4DF3D}.Release|Any CPU.Build.0 = Release|Any CPU
	EndGlobalSection
	GlobalSection(SolutionProperties) = preSolution
		HideSolutionNode = FALSE
	EndGlobalSection
	GlobalSection(ExtensibilityGlobals) = postSolution
		SolutionGuid = {29CFBE32-9319-433E-A19A-BA98E63361C7}
	EndGlobalSection
EndGlobal
